
Microsoft Visual Studio Solution File, Format Version 12.00
# Visual Studio Version 17
VisualStudioVersion = 17.11.35312.102
MinimumVisualStudioVersion = 10.0.40219.1
Project("{FAE04EC0-301F-11D3-BF4B-00C04F79EFBC}") = "7зад", "7зад\7зад.csproj", "{769E784C-23CA-46DF-8417-B2F5FEEE84DD}"
EndProject
Global
	GlobalSection(SolutionConfigurationPlatforms) = preSolution
		Debug|Any CPU = Debug|Any CPU
		Release|Any CPU = Release|Any CPU
	EndGlobalSection
	GlobalSection(ProjectConfigurationPlatforms) = postSolution
		{769E784C-23CA-46DF-8417-B2F5FEEE84DD}.Debug|Any CPU.ActiveCfg = Debug|Any CPU
		{769E784C-23CA-46DF-8417-B2F5FEEE84DD}.Debug|Any CPU.Build.0 = Debug|Any CPU
		{769E784C-23CA-46DF-8417-B2F5FEEE84DD}.Release|Any CPU.ActiveCfg = Release|Any CPU
		{769E784C-23CA-46DF-8417-B2F5FEEE84DD}.Release|Any CPU.Build.0 = Release|Any CPU
	EndGlobalSection
	GlobalSection(SolutionProperties) = preSolution
		HideSolutionNode = FALSE
	EndGlobalSection
	GlobalSection(ExtensibilityGlobals) = postSolution
		SolutionGuid = {541A0C3F-0F6F-4054-86EF-FE7813673330}
	EndGlobalSection
EndGlobal
